// !$*UTF8*$!
{
	archiveVersion = 1;
	classes = {
	};
	objectVersion = 50;
	objects = {

/* Begin PBXBuildFile section */
		5942936723A8592A00215016 /* AppDelegate.swift in Sources */ = {isa = PBXBuildFile; fileRef = 5942936623A8592A00215016 /* AppDelegate.swift */; };
		5942936923A8592A00215016 /* SceneDelegate.swift in Sources */ = {isa = PBXBuildFile; fileRef = 5942936823A8592A00215016 /* SceneDelegate.swift */; };
		5942937023A8592F00215016 /* Assets.xcassets in Resources */ = {isa = PBXBuildFile; fileRef = 5942936F23A8592F00215016 /* Assets.xcassets */; };
		5942937323A8592F00215016 /* LaunchScreen.storyboard in Resources */ = {isa = PBXBuildFile; fileRef = 5942937123A8592F00215016 /* LaunchScreen.storyboard */; };
		5942938223A85A7300215016 /* MainVC.swift in Sources */ = {isa = PBXBuildFile; fileRef = 5942938123A85A7300215016 /* MainVC.swift */; };
		5942938423A85C9800215016 /* FaceCollectionViewCell.swift in Sources */ = {isa = PBXBuildFile; fileRef = 5942938323A85C9800215016 /* FaceCollectionViewCell.swift */; };
		59ED6E3223B5B1F500254FCB /* Person.swift in Sources */ = {isa = PBXBuildFile; fileRef = 59ED6E3123B5B1F500254FCB /* Person.swift */; };
/* End PBXBuildFile section */

/* Begin PBXFileReference section */
		5942936323A8592900215016 /* Faces.app */ = {isa = PBXFileReference; explicitFileType = wrapper.application; includeInIndex = 0; path = Faces.app; sourceTree = BUILT_PRODUCTS_DIR; };
		5942936623A8592A00215016 /* AppDelegate.swift */ = {isa = PBXFileReference; lastKnownFileType = sourcecode.swift; path = AppDelegate.swift; sourceTree = "<group>"; };
		5942936823A8592A00215016 /* SceneDelegate.swift */ = {isa = PBXFileReference; lastKnownFileType = sourcecode.swift; path = SceneDelegate.swift; sourceTree = "<group>"; };
		5942936F23A8592F00215016 /* Assets.xcassets */ = {isa = PBXFileReference; lastKnownFileType = folder.assetcatalog; path = Assets.xcassets; sourceTree = "<group>"; };
		5942937223A8592F00215016 /* Base */ = {isa = PBXFileReference; lastKnownFileType = file.storyboard; name = Base; path = Base.lproj/LaunchScreen.storyboard; sourceTree = "<group>"; };
		5942937423A8592F00215016 /* Info.plist */ = {isa = PBXFileReference; lastKnownFileType = text.plist.xml; path = Info.plist; sourceTree = "<group>"; };
		5942938123A85A7300215016 /* MainVC.swift */ = {isa = PBXFileReference; lastKnownFileType = sourcecode.swift; path = MainVC.swift; sourceTree = "<group>"; };
		5942938323A85C9800215016 /* FaceCollectionViewCell.swift */ = {isa = PBXFileReference; lastKnownFileType = sourcecode.swift; path = FaceCollectionViewCell.swift; sourceTree = "<group>"; };
		59ED6E3123B5B1F500254FCB /* Person.swift */ = {isa = PBXFileReference; lastKnownFileType = sourcecode.swift; path = Person.swift; sourceTree = "<group>"; };
/* End PBXFileReference section */

/* Begin PBXFrameworksBuildPhase section */
		5942936023A8592900215016 /* Frameworks */ = {
			isa = PBXFrameworksBuildPhase;
			buildActionMask = 2147483647;
			files = (
			);
			runOnlyForDeploymentPostprocessing = 0;
		};
/* End PBXFrameworksBuildPhase section */

/* Begin PBXGroup section */
		5942935A23A8592900215016 = {
			isa = PBXGroup;
			children = (
				5942936523A8592900215016 /* Faces */,
				5942936423A8592900215016 /* Products */,
			);
			sourceTree = "<group>";
		};
		5942936423A8592900215016 /* Products */ = {
			isa = PBXGroup;
			children = (
				5942936323A8592900215016 /* Faces.app */,
			);
			name = Products;
			sourceTree = "<group>";
		};
		5942936523A8592900215016 /* Faces */ = {
			isa = PBXGroup;
			children = (
				5942937E23A8597300215016 /* Storyboards */,
				5942937D23A8596600215016 /* View */,
				5942937C23A8596200215016 /* Model */,
				5942937B23A8595900215016 /* Controllers */,
				5942937A23A8595300215016 /* Delegates */,
				5942936F23A8592F00215016 /* Assets.xcassets */,
				5942937423A8592F00215016 /* Info.plist */,
			);
			path = Faces;
			sourceTree = "<group>";
		};
		5942937A23A8595300215016 /* Delegates */ = {
			isa = PBXGroup;
			children = (
				5942936623A8592A00215016 /* AppDelegate.swift */,
				5942936823A8592A00215016 /* SceneDelegate.swift */,
			);
			path = Delegates;
			sourceTree = "<group>";
		};
		5942937B23A8595900215016 /* Controllers */ = {
			isa = PBXGroup;
			children = (
				5942938123A85A7300215016 /* MainVC.swift */,
			);
			path = Controllers;
			sourceTree = "<group>";
		};
		5942937C23A8596200215016 /* Model */ = {
			isa = PBXGroup;
			children = (
				59ED6E3123B5B1F500254FCB /* Person.swift */,
			);
			path = Model;
			sourceTree = "<group>";
		};
		5942937D23A8596600215016 /* View */ = {
			isa = PBXGroup;
			children = (
				5942938323A85C9800215016 /* FaceCollectionViewCell.swift */,
			);
			path = View;
			sourceTree = "<group>";
		};
		5942937E23A8597300215016 /* Storyboards */ = {
			isa = PBXGroup;
			children = (
				5942937123A8592F00215016 /* LaunchScreen.storyboard */,
			);
			path = Storyboards;
			sourceTree = "<group>";
		};
/* End PBXGroup section */

/* Begin PBXNativeTarget section */
		5942936223A8592900215016 /* Faces */ = {
			isa = PBXNativeTarget;
			buildConfigurationList = 5942937723A8592F00215016 /* Build configuration list for PBXNativeTarget "Faces" */;
			buildPhases = (
				5942935F23A8592900215016 /* Sources */,
				5942936023A8592900215016 /* Frameworks */,
				5942936123A8592900215016 /* Resources */,
			);
			buildRules = (
			);
			dependencies = (
			);
			name = Faces;
			productName = Faces;
			productReference = 5942936323A8592900215016 /* Faces.app */;
			productType = "com.apple.product-type.application";
		};
/* End PBXNativeTarget section */

/* Begin PBXProject section */
		5942935B23A8592900215016 /* Project object */ = {
			isa = PBXProject;
			attributes = {
				LastSwiftUpdateCheck = 1130;
				LastUpgradeCheck = 1130;
				ORGANIZATIONNAME = "Jeffrey Lai";
				TargetAttributes = {
					5942936223A8592900215016 = {
						CreatedOnToolsVersion = 11.3;
					};
				};
			};
			buildConfigurationList = 5942935E23A8592900215016 /* Build configuration list for PBXProject "Faces" */;
			compatibilityVersion = "Xcode 9.3";
			developmentRegion = en;
			hasScannedForEncodings = 0;
			knownRegions = (
				en,
				Base,
			);
			mainGroup = 5942935A23A8592900215016;
			productRefGroup = 5942936423A8592900215016 /* Products */;
			projectDirPath = "";
			projectRoot = "";
			targets = (
				5942936223A8592900215016 /* Faces */,
			);
		};
/* End PBXProject section */

/* Begin PBXResourcesBuildPhase section */
		5942936123A8592900215016 /* Resources */ = {
			isa = PBXResourcesBuildPhase;
			buildActionMask = 2147483647;
			files = (
				5942937323A8592F00215016 /* LaunchScreen.storyboard in Resources */,
				5942937023A8592F00215016 /* Assets.xcassets in Resources */,
			);
			runOnlyForDeploymentPostprocessing = 0;
		};
/* End PBXResourcesBuildPhase section */

/* Begin PBXSourcesBuildPhase section */
		5942935F23A8592900215016 /* Sources */ = {
			isa = PBXSourcesBuildPhase;
			buildActionMask = 2147483647;
			files = (
				59ED6E3223B5B1F500254FCB /* Person.swift in Sources */,
				5942936723A8592A00215016 /* AppDelegate.swift in Sources */,
				5942938423A85C9800215016 /* FaceCollectionViewCell.swift in Sources */,
				5942938223A85A7300215016 /* MainVC.swift in Sources */,
				5942936923A8592A00215016 /* SceneDelegate.swift in Sources */,
			);
			runOnlyForDeploymentPostprocessing = 0;
		};
/* End PBXSourcesBuildPhase section */

/* Begin PBXVariantGroup section */
		5942937123A8592F00215016 /* LaunchScreen.storyboard */ = {
			isa = PBXVariantGroup;
			children = (
				5942937223A8592F00215016 /* Base */,
			);
			name = LaunchScreen.storyboard;
			sourceTree = "<group>";
		};
/* End PBXVariantGroup section */

/* Begin XCBuildConfiguration section */
		5942937523A8592F00215016 /* Debug */ = {
			isa = XCBuildConfiguration;
			buildSettings = {
				ALWAYS_SEARCH_USER_PATHS = NO;
				CLANG_ANALYZER_NONNULL = YES;
				CLANG_ANALYZER_NUMBER_OBJECT_CONVERSION = YES_AGGRESSIVE;
				CLANG_CXX_LANGUAGE_STANDARD = "gnu++14";
				CLANG_CXX_LIBRARY = "libc++";
				CLANG_ENABLE_MODULES = YES;
				CLANG_ENABLE_OBJC_ARC = YES;
				CLANG_ENABLE_OBJC_WEAK = YES;
				CLANG_WARN_BLOCK_CAPTURE_AUTORELEASING = YES;
				CLANG_WARN_BOOL_CONVERSION = YES;
				CLANG_WARN_COMMA = YES;
				CLANG_WARN_CONSTANT_CONVERSION = YES;
				CLANG_WARN_DEPRECATED_OBJC_IMPLEMENTATIONS = YES;
				CLANG_WARN_DIRECT_OBJC_ISA_USAGE = YES_ERROR;
				CLANG_WARN_DOCUMENTATION_COMMENTS = YES;
				CLANG_WARN_EMPTY_BODY = YES;
				CLANG_WARN_ENUM_CONVERSION = YES;
				CLANG_WARN_INFINITE_RECURSION = YES;
				CLANG_WARN_INT_CONVERSION = YES;
				CLANG_WARN_NON_LITERAL_NULL_CONVERSION = YES;
				CLANG_WARN_OBJC_IMPLICIT_RETAIN_SELF = YES;
				CLANG_WARN_OBJC_LITERAL_CONVERSION = YES;
				CLANG_WARN_OBJC_ROOT_CLASS = YES_ERROR;
				CLANG_WARN_RANGE_LOOP_ANALYSIS = YES;
				CLANG_WARN_STRICT_PROTOTYPES = YES;
				CLANG_WARN_SUSPICIOUS_MOVE = YES;
				CLANG_WARN_UNGUARDED_AVAILABILITY = YES_AGGRESSIVE;
				CLANG_WARN_UNREACHABLE_CODE = YES;
				CLANG_WARN__DUPLICATE_METHOD_MATCH = YES;
				COPY_PHASE_STRIP = NO;
				DEBUG_INFORMATION_FORMAT = dwarf;
				ENABLE_STRICT_OBJC_MSGSEND = YES;
				ENABLE_TESTABILITY = YES;
				GCC_C_LANGUAGE_STANDARD = gnu11;
				GCC_DYNAMIC_NO_PIC = NO;
				GCC_NO_COMMON_BLOCKS = YES;
				GCC_OPTIMIZATION_LEVEL = 0;
				GCC_PREPROCESSOR_DEFINITIONS = (
					"DEBUG=1",
					"$(inherited)",
				);
				GCC_WARN_64_TO_32_BIT_CONVERSION = YES;
				GCC_WARN_ABOUT_RETURN_TYPE = YES_ERROR;
				GCC_WARN_UNDECLARED_SELECTOR = YES;
				GCC_WARN_UNINITIALIZED_AUTOS = YES_AGGRESSIVE;
				GCC_WARN_UNUSED_FUNCTION = YES;
				GCC_WARN_UNUSED_VARIABLE = YES;
				IPHONEOS_DEPLOYMENT_TARGET = 13.2;
				MTL_ENABLE_DEBUG_INFO = INCLUDE_SOURCE;
				MTL_FAST_MATH = YES;
				ONLY_ACTIVE_ARCH = YES;
				SDKROOT = iphoneos;
				SWIFT_ACTIVE_COMPILATION_CONDITIONS = DEBUG;
				SWIFT_OPTIMIZATION_LEVEL = "-Onone";
			};
			name = Debug;
		};
		5942937623A8592F00215016 /* Release */ = {
			isa = XCBuildConfiguration;
			buildSettings = {
				ALWAYS_SEARCH_USER_PATHS = NO;
				CLANG_ANALYZER_NONNULL = YES;
				CLANG_ANALYZER_NUMBER_OBJECT_CONVERSION = YES_AGGRESSIVE;
				CLANG_CXX_LANGUAGE_STANDARD = "gnu++14";
				CLANG_CXX_LIBRARY = "libc++";
				CLANG_ENABLE_MODULES = YES;
				CLANG_ENABLE_OBJC_ARC = YES;
				CLANG_ENABLE_OBJC_WEAK = YES;
				CLANG_WARN_BLOCK_CAPTURE_AUTORELEASING = YES;
				CLANG_WARN_BOOL_CONVERSION = YES;
				CLANG_WARN_COMMA = YES;
				CLANG_WARN_CONSTANT_CONVERSION = YES;
				CLANG_WARN_DEPRECATED_OBJC_IMPLEMENTATIONS = YES;
				CLANG_WARN_DIRECT_OBJC_ISA_USAGE = YES_ERROR;
				CLANG_WARN_DOCUMENTATION_COMMENTS = YES;
				CLANG_WARN_EMPTY_BODY = YES;
				CLANG_WARN_ENUM_CONVERSION = YES;
				CLANG_WARN_INFINITE_RECURSION = YES;
				CLANG_WARN_INT_CONVERSION = YES;
				CLANG_WARN_NON_LITERAL_NULL_CONVERSION = YES;
				CLANG_WARN_OBJC_IMPLICIT_RETAIN_SELF = YES;
				CLANG_WARN_OBJC_LITERAL_CONVERSION = YES;
				CLANG_WARN_OBJC_ROOT_CLASS = YES_ERROR;
				CLANG_WARN_RANGE_LOOP_ANALYSIS = YES;
				CLANG_WARN_STRICT_PROTOTYPES = YES;
				CLANG_WARN_SUSPICIOUS_MOVE = YES;
				CLANG_WARN_UNGUARDED_AVAILABILITY = YES_AGGRESSIVE;
				CLANG_WARN_UNREACHABLE_CODE = YES;
				CLANG_WARN__DUPLICATE_METHOD_MATCH = YES;
				COPY_PHASE_STRIP = NO;
				DEBUG_INFORMATION_FORMAT = "dwarf-with-dsym";
				ENABLE_NS_ASSERTIONS = NO;
				ENABLE_STRICT_OBJC_MSGSEND = YES;
				GCC_C_LANGUAGE_STANDARD = gnu11;
				GCC_NO_COMMON_BLOCKS = YES;
				GCC_WARN_64_TO_32_BIT_CONVERSION = YES;
				GCC_WARN_ABOUT_RETURN_TYPE = YES_ERROR;
				GCC_WARN_UNDECLARED_SELECTOR = YES;
				GCC_WARN_UNINITIALIZED_AUTOS = YES_AGGRESSIVE;
				GCC_WARN_UNUSED_FUNCTION = YES;
				GCC_WARN_UNUSED_VARIABLE = YES;
				IPHONEOS_DEPLOYMENT_TARGET = 13.2;
				MTL_ENABLE_DEBUG_INFO = NO;
				MTL_FAST_MATH = YES;
				SDKROOT = iphoneos;
				SWIFT_COMPILATION_MODE = wholemodule;
				SWIFT_OPTIMIZATION_LEVEL = "-O";
				VALIDATE_PRODUCT = YES;
			};
			name = Release;
		};
		5942937823A8592F00215016 /* Debug */ = {
			isa = XCBuildConfiguration;
			buildSettings = {
				ASSETCATALOG_COMPILER_APPICON_NAME = AppIcon;
				CODE_SIGN_STYLE = Automatic;
				DEVELOPMENT_TEAM = 6XGS262W7D;
				INFOPLIST_FILE = Faces/Info.plist;
				LD_RUNPATH_SEARCH_PATHS = (
					"$(inherited)",
					"@executable_path/Frameworks",
				);
				PRODUCT_BUNDLE_IDENTIFIER = com.talismanmobile.Faces;
				PRODUCT_NAME = "$(TARGET_NAME)";
				SWIFT_VERSION = 5.0;
				TARGETED_DEVICE_FAMILY = "1,2";
			};
			name = Debug;
		};
		5942937923A8592F00215016 /* Release */ = {
			isa = XCBuildConfiguration;
			buildSettings = {
				ASSETCATALOG_COMPILER_APPICON_NAME = AppIcon;
				CODE_SIGN_STYLE = Automatic;
				DEVELOPMENT_TEAM = 6XGS262W7D;
				INFOPLIST_FILE = Faces/Info.plist;
				LD_RUNPATH_SEARCH_PATHS = (
					"$(inherited)",
					"@executable_path/Frameworks",
				);
				PRODUCT_BUNDLE_IDENTIFIER = com.talismanmobile.Faces;
				PRODUCT_NAME = "$(TARGET_NAME)";
				SWIFT_VERSION = 5.0;
				TARGETED_DEVICE_FAMILY = "1,2";
			};
			name = Release;
		};
/* End XCBuildConfiguration section */

/* Begin XCConfigurationList section */
		5942935E23A8592900215016 /* Build configuration list for PBXProject "Faces" */ = {
			isa = XCConfigurationList;
			buildConfigurations = (
				5942937523A8592F00215016 /* Debug */,
				5942937623A8592F00215016 /* Release */,
			);
			defaultConfigurationIsVisible = 0;
			defaultConfigurationName = Release;
		};
		5942937723A8592F00215016 /* Build configuration list for PBXNativeTarget "Faces" */ = {
			isa = XCConfigurationList;
			buildConfigurations = (
				5942937823A8592F00215016 /* Debug */,
				5942937923A8592F00215016 /* Release */,
			);
			defaultConfigurationIsVisible = 0;
			defaultConfigurationName = Release;
		};
/* End XCConfigurationList section */
	};
	rootObject = 5942935B23A8592900215016 /* Project object */;
}
